
Microsoft Visual Studio Solution File, Format Version 12.00
# Visual Studio Version 16
VisualStudioVersion = 16.0.30503.244
MinimumVisualStudioVersion = 10.0.40219.1
Project("{FAE04EC0-301F-11D3-BF4B-00C04F79EFBC}") = "Ventana1", "Ventana1\Ventana1.csproj", "{03E5E8DE-CA7D-4D0D-BE90-6B589DADE3A2}"
EndProject
Project("{FAE04EC0-301F-11D3-BF4B-00C04F79EFBC}") = "Dominio", "Dominio\Dominio.csproj", "{3430443E-F312-47F0-9301-977AC353669B}"
EndProject
Project("{FAE04EC0-301F-11D3-BF4B-00C04F79EFBC}") = "Negocio", "Negocio\Negocio.csproj", "{9BA47CA4-A86C-4502-BDA8-7B50D80DC2EE}"
EndProject
Global
	GlobalSection(SolutionConfigurationPlatforms) = preSolution
		Debug|Any CPU = Debug|Any CPU
		Release|Any CPU = Release|Any CPU
	EndGlobalSection
	GlobalSection(ProjectConfigurationPlatforms) = postSolution
		{03E5E8DE-CA7D-4D0D-BE90-6B589DADE3A2}.Debug|Any CPU.ActiveCfg = Debug|Any CPU
		{03E5E8DE-CA7D-4D0D-BE90-6B589DADE3A2}.Debug|Any CPU.Build.0 = Debug|Any CPU
		{03E5E8DE-CA7D-4D0D-BE90-6B589DADE3A2}.Release|Any CPU.ActiveCfg = Release|Any CPU
		{03E5E8DE-CA7D-4D0D-BE90-6B589DADE3A2}.Release|Any CPU.Build.0 = Release|Any CPU
		{3430443E-F312-47F0-9301-977AC353669B}.Debug|Any CPU.ActiveCfg = Debug|Any CPU
		{3430443E-F312-47F0-9301-977AC353669B}.Debug|Any CPU.Build.0 = Debug|Any CPU
		{3430443E-F312-47F0-9301-977AC353669B}.Release|Any CPU.ActiveCfg = Release|Any CPU
		{3430443E-F312-47F0-9301-977AC353669B}.Release|Any CPU.Build.0 = Release|Any CPU
		{9BA47CA4-A86C-4502-BDA8-7B50D80DC2EE}.Debug|Any CPU.ActiveCfg = Debug|Any CPU
		{9BA47CA4-A86C-4502-BDA8-7B50D80DC2EE}.Debug|Any CPU.Build.0 = Debug|Any CPU
		{9BA47CA4-A86C-4502-BDA8-7B50D80DC2EE}.Release|Any CPU.ActiveCfg = Release|Any CPU
		{9BA47CA4-A86C-4502-BDA8-7B50D80DC2EE}.Release|Any CPU.Build.0 = Release|Any CPU
	EndGlobalSection
	GlobalSection(SolutionProperties) = preSolution
		HideSolutionNode = FALSE
	EndGlobalSection
	GlobalSection(ExtensibilityGlobals) = postSolution
		SolutionGuid = {438556AE-09F6-40ED-9F65-A6255C869AE5}
	EndGlobalSection
EndGlobal
